
Microsoft Visual Studio Solution File, Format Version 11.00
# Visual Studio 2010
Project("{FAE04EC0-301F-11D3-BF4B-00C04F79EFBC}") = "Internals", "Internals\Internals.csproj", "{AAC627DB-3B2A-46D9-82B4-0F12D104C005}"
EndProject
Project("{FAE04EC0-301F-11D3-BF4B-00C04F79EFBC}") = "ThreadPoolImpl", "ThreadPoolImpl\ThreadPoolImpl.csproj", "{47201844-9B00-4040-8715-7F58701A421C}"
EndProject
Project("{FAE04EC0-301F-11D3-BF4B-00C04F79EFBC}") = "ThreadPoolImplTests", "ThreadPoolImplTests\ThreadPoolImplTests.csproj", "{0993919D-1469-4233-BC38-D969F6AE365B}"
EndProject
Project("{2150E333-8FDC-42A3-9474-1A3956D46DE8}") = ".nuget", ".nuget", "{65C02242-645C-45EE-9869-AFC7126277B4}"
	ProjectSection(SolutionItems) = preProject
		.nuget\packages.config = .nuget\packages.config
	EndProjectSection
EndProject
Project("{FAE04EC0-301F-11D3-BF4B-00C04F79EFBC}") = "Core", "Core\Core.csproj", "{3D3A1029-75D7-4F42-905B-8D81ECEB8520}"
EndProject
Project("{FAE04EC0-301F-11D3-BF4B-00C04F79EFBC}") = "RouterImpl", "RouterImpl\RouterImpl.csproj", "{1F23541E-F7B9-41AF-A5B8-406AA8ABB21F}"
EndProject
Project("{FAE04EC0-301F-11D3-BF4B-00C04F79EFBC}") = "RouterImplTests", "RouterImplTests\RouterImplTests.csproj", "{0D140A15-D328-4ED3-B7C6-5B8126BEFC13}"
EndProject
Project("{FAE04EC0-301F-11D3-BF4B-00C04F79EFBC}") = "CoreTests", "CoreTests\CoreTests.csproj", "{A00658C0-0B6E-44E0-AF38-B120B9E13749}"
EndProject
Global
	GlobalSection(SolutionConfigurationPlatforms) = preSolution
		Debug|Any CPU = Debug|Any CPU
		Release|Any CPU = Release|Any CPU
	EndGlobalSection
	GlobalSection(ProjectConfigurationPlatforms) = postSolution
		{AAC627DB-3B2A-46D9-82B4-0F12D104C005}.Debug|Any CPU.ActiveCfg = Debug|Any CPU
		{AAC627DB-3B2A-46D9-82B4-0F12D104C005}.Debug|Any CPU.Build.0 = Debug|Any CPU
		{AAC627DB-3B2A-46D9-82B4-0F12D104C005}.Release|Any CPU.ActiveCfg = Release|Any CPU
		{AAC627DB-3B2A-46D9-82B4-0F12D104C005}.Release|Any CPU.Build.0 = Release|Any CPU
		{47201844-9B00-4040-8715-7F58701A421C}.Debug|Any CPU.ActiveCfg = Debug|Any CPU
		{47201844-9B00-4040-8715-7F58701A421C}.Debug|Any CPU.Build.0 = Debug|Any CPU
		{47201844-9B00-4040-8715-7F58701A421C}.Release|Any CPU.ActiveCfg = Release|Any CPU
		{47201844-9B00-4040-8715-7F58701A421C}.Release|Any CPU.Build.0 = Release|Any CPU
		{0993919D-1469-4233-BC38-D969F6AE365B}.Debug|Any CPU.ActiveCfg = Debug|Any CPU
		{0993919D-1469-4233-BC38-D969F6AE365B}.Debug|Any CPU.Build.0 = Debug|Any CPU
		{0993919D-1469-4233-BC38-D969F6AE365B}.Release|Any CPU.ActiveCfg = Release|Any CPU
		{0993919D-1469-4233-BC38-D969F6AE365B}.Release|Any CPU.Build.0 = Release|Any CPU
		{3D3A1029-75D7-4F42-905B-8D81ECEB8520}.Debug|Any CPU.ActiveCfg = Debug|Any CPU
		{3D3A1029-75D7-4F42-905B-8D81ECEB8520}.Debug|Any CPU.Build.0 = Debug|Any CPU
		{3D3A1029-75D7-4F42-905B-8D81ECEB8520}.Release|Any CPU.ActiveCfg = Release|Any CPU
		{3D3A1029-75D7-4F42-905B-8D81ECEB8520}.Release|Any CPU.Build.0 = Release|Any CPU
		{1F23541E-F7B9-41AF-A5B8-406AA8ABB21F}.Debug|Any CPU.ActiveCfg = Debug|Any CPU
		{1F23541E-F7B9-41AF-A5B8-406AA8ABB21F}.Debug|Any CPU.Build.0 = Debug|Any CPU
		{1F23541E-F7B9-41AF-A5B8-406AA8ABB21F}.Release|Any CPU.ActiveCfg = Release|Any CPU
		{1F23541E-F7B9-41AF-A5B8-406AA8ABB21F}.Release|Any CPU.Build.0 = Release|Any CPU
		{0D140A15-D328-4ED3-B7C6-5B8126BEFC13}.Debug|Any CPU.ActiveCfg = Debug|Any CPU
		{0D140A15-D328-4ED3-B7C6-5B8126BEFC13}.Debug|Any CPU.Build.0 = Debug|Any CPU
		{0D140A15-D328-4ED3-B7C6-5B8126BEFC13}.Release|Any CPU.ActiveCfg = Release|Any CPU
		{0D140A15-D328-4ED3-B7C6-5B8126BEFC13}.Release|Any CPU.Build.0 = Release|Any CPU
		{A00658C0-0B6E-44E0-AF38-B120B9E13749}.Debug|Any CPU.ActiveCfg = Debug|Any CPU
		{A00658C0-0B6E-44E0-AF38-B120B9E13749}.Debug|Any CPU.Build.0 = Debug|Any CPU
		{A00658C0-0B6E-44E0-AF38-B120B9E13749}.Release|Any CPU.ActiveCfg = Release|Any CPU
		{A00658C0-0B6E-44E0-AF38-B120B9E13749}.Release|Any CPU.Build.0 = Release|Any CPU
	EndGlobalSection
	GlobalSection(SolutionProperties) = preSolution
		HideSolutionNode = FALSE
	EndGlobalSection
EndGlobal
